
Microsoft Visual Studio Solution File, Format Version 12.00
# Visual Studio Version 16
VisualStudioVersion = 16.0.31729.503
MinimumVisualStudioVersion = 10.0.40219.1
Project("{8BC9CEB8-8B4A-11D0-8D11-00A0C91BC942}") = "_UsedSTL", "_UsedSTL.vcxproj", "{A2236850-6235-49B5-879B-899C0A701FAF}"
EndProject
Project("{8BC9CEB8-8B4A-11D0-8D11-00A0C91BC942}") = "_UsedVector", "..\_UsedVector\_UsedVector.vcxproj", "{E8ADEAEF-17C3-4ECB-B8B5-EE733A313696}"
EndProject
Project("{8BC9CEB8-8B4A-11D0-8D11-00A0C91BC942}") = "_UsedSingleLinkedList", "..\_UsedSingleLinkedList\_UsedSingleLinkedList.vcxproj", "{F1605513-CCF9-4F6B-8647-A1E06C1FCC26}"
EndProject
Project("{8BC9CEB8-8B4A-11D0-8D11-00A0C91BC942}") = "_UsedDoubleLinkedList", "..\_UsedDoubleLinkedList\_UsedDoubleLinkedList.vcxproj", "{22D8A8E6-6C25-415E-B80F-A1664A7A61CC}"
EndProject
Project("{8BC9CEB8-8B4A-11D0-8D11-00A0C91BC942}") = "_UsedCircularSingleLinkedList", "..\_UsedCircularSingleLinkedList\_UsedCircularSingleLinkedList.vcxproj", "{1C302207-EB90-4386-B40B-58CF7BF75A1C}"
EndProject
Project("{8BC9CEB8-8B4A-11D0-8D11-00A0C91BC942}") = "_UsedStack", "..\_UsedStack\_UsedStack.vcxproj", "{AD9AFC24-51FF-4E07-BC6C-1EF106835537}"
EndProject
Project("{8BC9CEB8-8B4A-11D0-8D11-00A0C91BC942}") = "_UsedQueue", "..\_UsedQueue\_UsedQueue.vcxproj", "{E84193AB-5BC0-431A-88BF-CCF00A4FD605}"
EndProject
Project("{8BC9CEB8-8B4A-11D0-8D11-00A0C91BC942}") = "_UsedBinarySearch", "..\_UsedBinarySearch\_UsedBinarySearch.vcxproj", "{0DF36991-4998-4E32-9A79-9836D6AD4545}"
EndProject
Project("{8BC9CEB8-8B4A-11D0-8D11-00A0C91BC942}") = "_UsedBinarySearchTree", "..\_UsedBinarySearchTree\_UsedBinarySearchTree.vcxproj", "{22BB473C-2FF9-4271-824B-26EBA2C0D42F}"
EndProject
Global
	GlobalSection(SolutionConfigurationPlatforms) = preSolution
		Debug|x64 = Debug|x64
		Debug|x86 = Debug|x86
		Release|x64 = Release|x64
		Release|x86 = Release|x86
	EndGlobalSection
	GlobalSection(ProjectConfigurationPlatforms) = postSolution
		{A2236850-6235-49B5-879B-899C0A701FAF}.Debug|x64.ActiveCfg = Debug|x64
		{A2236850-6235-49B5-879B-899C0A701FAF}.Debug|x64.Build.0 = Debug|x64
		{A2236850-6235-49B5-879B-899C0A701FAF}.Debug|x86.ActiveCfg = Debug|Win32
		{A2236850-6235-49B5-879B-899C0A701FAF}.Debug|x86.Build.0 = Debug|Win32
		{A2236850-6235-49B5-879B-899C0A701FAF}.Release|x64.ActiveCfg = Release|x64
		{A2236850-6235-49B5-879B-899C0A701FAF}.Release|x64.Build.0 = Release|x64
		{A2236850-6235-49B5-879B-899C0A701FAF}.Release|x86.ActiveCfg = Release|Win32
		{A2236850-6235-49B5-879B-899C0A701FAF}.Release|x86.Build.0 = Release|Win32
		{E8ADEAEF-17C3-4ECB-B8B5-EE733A313696}.Debug|x64.ActiveCfg = Debug|x64
		{E8ADEAEF-17C3-4ECB-B8B5-EE733A313696}.Debug|x64.Build.0 = Debug|x64
		{E8ADEAEF-17C3-4ECB-B8B5-EE733A313696}.Debug|x86.ActiveCfg = Debug|Win32
		{E8ADEAEF-17C3-4ECB-B8B5-EE733A313696}.Debug|x86.Build.0 = Debug|Win32
		{E8ADEAEF-17C3-4ECB-B8B5-EE733A313696}.Release|x64.ActiveCfg = Release|x64
		{E8ADEAEF-17C3-4ECB-B8B5-EE733A313696}.Release|x64.Build.0 = Release|x64
		{E8ADEAEF-17C3-4ECB-B8B5-EE733A313696}.Release|x86.ActiveCfg = Release|Win32
		{E8ADEAEF-17C3-4ECB-B8B5-EE733A313696}.Release|x86.Build.0 = Release|Win32
		{F1605513-CCF9-4F6B-8647-A1E06C1FCC26}.Debug|x64.ActiveCfg = Debug|x64
		{F1605513-CCF9-4F6B-8647-A1E06C1FCC26}.Debug|x64.Build.0 = Debug|x64
		{F1605513-CCF9-4F6B-8647-A1E06C1FCC26}.Debug|x86.ActiveCfg = Debug|Win32
		{F1605513-CCF9-4F6B-8647-A1E06C1FCC26}.Debug|x86.Build.0 = Debug|Win32
		{F1605513-CCF9-4F6B-8647-A1E06C1FCC26}.Release|x64.ActiveCfg = Release|x64
		{F1605513-CCF9-4F6B-8647-A1E06C1FCC26}.Release|x64.Build.0 = Release|x64
		{F1605513-CCF9-4F6B-8647-A1E06C1FCC26}.Release|x86.ActiveCfg = Release|Win32
		{F1605513-CCF9-4F6B-8647-A1E06C1FCC26}.Release|x86.Build.0 = Release|Win32
		{22D8A8E6-6C25-415E-B80F-A1664A7A61CC}.Debug|x64.ActiveCfg = Debug|x64
		{22D8A8E6-6C25-415E-B80F-A1664A7A61CC}.Debug|x64.Build.0 = Debug|x64
		{22D8A8E6-6C25-415E-B80F-A1664A7A61CC}.Debug|x86.ActiveCfg = Debug|Win32
		{22D8A8E6-6C25-415E-B80F-A1664A7A61CC}.Debug|x86.Build.0 = Debug|Win32
		{22D8A8E6-6C25-415E-B80F-A1664A7A61CC}.Release|x64.ActiveCfg = Release|x64
		{22D8A8E6-6C25-415E-B80F-A1664A7A61CC}.Release|x64.Build.0 = Release|x64
		{22D8A8E6-6C25-415E-B80F-A1664A7A61CC}.Release|x86.ActiveCfg = Release|Win32
		{22D8A8E6-6C25-415E-B80F-A1664A7A61CC}.Release|x86.Build.0 = Release|Win32
		{1C302207-EB90-4386-B40B-58CF7BF75A1C}.Debug|x64.ActiveCfg = Debug|x64
		{1C302207-EB90-4386-B40B-58CF7BF75A1C}.Debug|x64.Build.0 = Debug|x64
		{1C302207-EB90-4386-B40B-58CF7BF75A1C}.Debug|x86.ActiveCfg = Debug|Win32
		{1C302207-EB90-4386-B40B-58CF7BF75A1C}.Debug|x86.Build.0 = Debug|Win32
		{1C302207-EB90-4386-B40B-58CF7BF75A1C}.Release|x64.ActiveCfg = Release|x64
		{1C302207-EB90-4386-B40B-58CF7BF75A1C}.Release|x64.Build.0 = Release|x64
		{1C302207-EB90-4386-B40B-58CF7BF75A1C}.Release|x86.ActiveCfg = Release|Win32
		{1C302207-EB90-4386-B40B-58CF7BF75A1C}.Release|x86.Build.0 = Release|Win32
		{AD9AFC24-51FF-4E07-BC6C-1EF106835537}.Debug|x64.ActiveCfg = Debug|x64
		{AD9AFC24-51FF-4E07-BC6C-1EF106835537}.Debug|x64.Build.0 = Debug|x64
		{AD9AFC24-51FF-4E07-BC6C-1EF106835537}.Debug|x86.ActiveCfg = Debug|Win32
		{AD9AFC24-51FF-4E07-BC6C-1EF106835537}.Debug|x86.Build.0 = Debug|Win32
		{AD9AFC24-51FF-4E07-BC6C-1EF106835537}.Release|x64.ActiveCfg = Release|x64
		{AD9AFC24-51FF-4E07-BC6C-1EF106835537}.Release|x64.Build.0 = Release|x64
		{AD9AFC24-51FF-4E07-BC6C-1EF106835537}.Release|x86.ActiveCfg = Release|Win32
		{AD9AFC24-51FF-4E07-BC6C-1EF106835537}.Release|x86.Build.0 = Release|Win32
		{E84193AB-5BC0-431A-88BF-CCF00A4FD605}.Debug|x64.ActiveCfg = Debug|x64
		{E84193AB-5BC0-431A-88BF-CCF00A4FD605}.Debug|x64.Build.0 = Debug|x64
		{E84193AB-5BC0-431A-88BF-CCF00A4FD605}.Debug|x86.ActiveCfg = Debug|Win32
		{E84193AB-5BC0-431A-88BF-CCF00A4FD605}.Debug|x86.Build.0 = Debug|Win32
		{E84193AB-5BC0-431A-88BF-CCF00A4FD605}.Release|x64.ActiveCfg = Release|x64
		{E84193AB-5BC0-431A-88BF-CCF00A4FD605}.Release|x64.Build.0 = Release|x64
		{E84193AB-5BC0-431A-88BF-CCF00A4FD605}.Release|x86.ActiveCfg = Release|Win32
		{E84193AB-5BC0-431A-88BF-CCF00A4FD605}.Release|x86.Build.0 = Release|Win32
		{0DF36991-4998-4E32-9A79-9836D6AD4545}.Debug|x64.ActiveCfg = Debug|x64
		{0DF36991-4998-4E32-9A79-9836D6AD4545}.Debug|x64.Build.0 = Debug|x64
		{0DF36991-4998-4E32-9A79-9836D6AD4545}.Debug|x86.ActiveCfg = Debug|Win32
		{0DF36991-4998-4E32-9A79-9836D6AD4545}.Debug|x86.Build.0 = Debug|Win32
		{0DF36991-4998-4E32-9A79-9836D6AD4545}.Release|x64.ActiveCfg = Release|x64
		{0DF36991-4998-4E32-9A79-9836D6AD4545}.Release|x64.Build.0 = Release|x64
		{0DF36991-4998-4E32-9A79-9836D6AD4545}.Release|x86.ActiveCfg = Release|Win32
		{0DF36991-4998-4E32-9A79-9836D6AD4545}.Release|x86.Build.0 = Release|Win32
		{22BB473C-2FF9-4271-824B-26EBA2C0D42F}.Debug|x64.ActiveCfg = Debug|x64
		{22BB473C-2FF9-4271-824B-26EBA2C0D42F}.Debug|x64.Build.0 = Debug|x64
		{22BB473C-2FF9-4271-824B-26EBA2C0D42F}.Debug|x86.ActiveCfg = Debug|Win32
		{22BB473C-2FF9-4271-824B-26EBA2C0D42F}.Debug|x86.Build.0 = Debug|Win32
		{22BB473C-2FF9-4271-824B-26EBA2C0D42F}.Release|x64.ActiveCfg = Release|x64
		{22BB473C-2FF9-4271-824B-26EBA2C0D42F}.Release|x64.Build.0 = Release|x64
		{22BB473C-2FF9-4271-824B-26EBA2C0D42F}.Release|x86.ActiveCfg = Release|Win32
		{22BB473C-2FF9-4271-824B-26EBA2C0D42F}.Release|x86.Build.0 = Release|Win32
	EndGlobalSection
	GlobalSection(SolutionProperties) = preSolution
		HideSolutionNode = FALSE
	EndGlobalSection
	GlobalSection(ExtensibilityGlobals) = postSolution
		SolutionGuid = {499352D1-2E89-45B8-B36F-277B57687990}
	EndGlobalSection
EndGlobal
